// !$*UTF8*$!
{
	archiveVersion = 1;
	classes = {
	};
	objectVersion = 46;
	objects = {

/* Begin PBXBuildFile section */
		0B7D9BD11BF3232300929985 /* AppDelegate.swift in Sources */ = {isa = PBXBuildFile; fileRef = 0B7D9BD01BF3232300929985 /* AppDelegate.swift */; };
		0B7D9BD31BF3232300929985 /* ViewController.swift in Sources */ = {isa = PBXBuildFile; fileRef = 0B7D9BD21BF3232300929985 /* ViewController.swift */; };
		0B7D9BD61BF3232300929985 /* Main.storyboard in Resources */ = {isa = PBXBuildFile; fileRef = 0B7D9BD41BF3232300929985 /* Main.storyboard */; };
		0B7D9BD81BF3232300929985 /* Assets.xcassets in Resources */ = {isa = PBXBuildFile; fileRef = 0B7D9BD71BF3232300929985 /* Assets.xcassets */; };
		0B7D9BDB1BF3232300929985 /* LaunchScreen.storyboard in Resources */ = {isa = PBXBuildFile; fileRef = 0B7D9BD91BF3232300929985 /* LaunchScreen.storyboard */; };
		0B7D9BE61BF3232300929985 /* NotificationsTests.swift in Sources */ = {isa = PBXBuildFile; fileRef = 0B7D9BE51BF3232300929985 /* NotificationsTests.swift */; };
		0B7D9BF11BF3232300929985 /* NotificationsUITests.swift in Sources */ = {isa = PBXBuildFile; fileRef = 0B7D9BF01BF3232300929985 /* NotificationsUITests.swift */; };
/* End PBXBuildFile section */

/* Begin PBXContainerItemProxy section */
		0B7D9BE21BF3232300929985 /* PBXContainerItemProxy */ = {
			isa = PBXContainerItemProxy;
			containerPortal = 0B7D9BC51BF3232300929985 /* Project object */;
			proxyType = 1;
			remoteGlobalIDString = 0B7D9BCC1BF3232300929985;
			remoteInfo = Notifications;
		};
		0B7D9BED1BF3232300929985 /* PBXContainerItemProxy */ = {
			isa = PBXContainerItemProxy;
			containerPortal = 0B7D9BC51BF3232300929985 /* Project object */;
			proxyType = 1;
			remoteGlobalIDString = 0B7D9BCC1BF3232300929985;
			remoteInfo = Notifications;
		};
/* End PBXContainerItemProxy section */

/* Begin PBXFileReference section */
		0B7D9BCD1BF3232300929985 /* Notifications.app */ = {isa = PBXFileReference; explicitFileType = wrapper.application; includeInIndex = 0; path = Notifications.app; sourceTree = BUILT_PRODUCTS_DIR; };
		0B7D9BD01BF3232300929985 /* AppDelegate.swift */ = {isa = PBXFileReference; lastKnownFileType = sourcecode.swift; path = AppDelegate.swift; sourceTree = "<group>"; };
		0B7D9BD21BF3232300929985 /* ViewController.swift */ = {isa = PBXFileReference; lastKnownFileType = sourcecode.swift; path = ViewController.swift; sourceTree = "<group>"; };
		0B7D9BD51BF3232300929985 /* Base */ = {isa = PBXFileReference; lastKnownFileType = file.storyboard; name = Base; path = Base.lproj/Main.storyboard; sourceTree = "<group>"; };
		0B7D9BD71BF3232300929985 /* Assets.xcassets */ = {isa = PBXFileReference; lastKnownFileType = folder.assetcatalog; path = Assets.xcassets; sourceTree = "<group>"; };
		0B7D9BDA1BF3232300929985 /* Base */ = {isa = PBXFileReference; lastKnownFileType = file.storyboard; name = Base; path = Base.lproj/LaunchScreen.storyboard; sourceTree = "<group>"; };
		0B7D9BDC1BF3232300929985 /* Info.plist */ = {isa = PBXFileReference; lastKnownFileType = text.plist.xml; path = Info.plist; sourceTree = "<group>"; };
		0B7D9BE11BF3232300929985 /* NotificationsTests.xctest */ = {isa = PBXFileReference; explicitFileType = wrapper.cfbundle; includeInIndex = 0; path = NotificationsTests.xctest; sourceTree = BUILT_PRODUCTS_DIR; };
		0B7D9BE51BF3232300929985 /* NotificationsTests.swift */ = {isa = PBXFileReference; lastKnownFileType = sourcecode.swift; path = NotificationsTests.swift; sourceTree = "<group>"; };
		0B7D9BE71BF3232300929985 /* Info.plist */ = {isa = PBXFileReference; lastKnownFileType = text.plist.xml; path = Info.plist; sourceTree = "<group>"; };
		0B7D9BEC1BF3232300929985 /* NotificationsUITests.xctest */ = {isa = PBXFileReference; explicitFileType = wrapper.cfbundle; includeInIndex = 0; path = NotificationsUITests.xctest; sourceTree = BUILT_PRODUCTS_DIR; };
		0B7D9BF01BF3232300929985 /* NotificationsUITests.swift */ = {isa = PBXFileReference; lastKnownFileType = sourcecode.swift; path = NotificationsUITests.swift; sourceTree = "<group>"; };
		0B7D9BF21BF3232400929985 /* Info.plist */ = {isa = PBXFileReference; lastKnownFileType = text.plist.xml; path = Info.plist; sourceTree = "<group>"; };
/* End PBXFileReference section */

/* Begin PBXFrameworksBuildPhase section */
		0B7D9BCA1BF3232300929985 /* Frameworks */ = {
			isa = PBXFrameworksBuildPhase;
			buildActionMask = 2147483647;
			files = (
			);
			runOnlyForDeploymentPostprocessing = 0;
		};
		0B7D9BDE1BF3232300929985 /* Frameworks */ = {
			isa = PBXFrameworksBuildPhase;
			buildActionMask = 2147483647;
			files = (
			);
			runOnlyForDeploymentPostprocessing = 0;
		};
		0B7D9BE91BF3232300929985 /* Frameworks */ = {
			isa = PBXFrameworksBuildPhase;
			buildActionMask = 2147483647;
			files = (
			);
			runOnlyForDeploymentPostprocessing = 0;
		};
/* End PBXFrameworksBuildPhase section */

/* Begin PBXGroup section */
		0B7D9BC41BF3232300929985 = {
			isa = PBXGroup;
			children = (
				0B7D9BCF1BF3232300929985 /* Notifications */,
				0B7D9BE41BF3232300929985 /* NotificationsTests */,
				0B7D9BEF1BF3232300929985 /* NotificationsUITests */,
				0B7D9BCE1BF3232300929985 /* Products */,
			);
			sourceTree = "<group>";
		};
		0B7D9BCE1BF3232300929985 /* Products */ = {
			isa = PBXGroup;
			children = (
				0B7D9BCD1BF3232300929985 /* Notifications.app */,
				0B7D9BE11BF3232300929985 /* NotificationsTests.xctest */,
				0B7D9BEC1BF3232300929985 /* NotificationsUITests.xctest */,
			);
			name = Products;
			sourceTree = "<group>";
		};
		0B7D9BCF1BF3232300929985 /* Notifications */ = {
			isa = PBXGroup;
			children = (
				0B7D9BD01BF3232300929985 /* AppDelegate.swift */,
				0B7D9BD21BF3232300929985 /* ViewController.swift */,
				0B7D9BD41BF3232300929985 /* Main.storyboard */,
				0B7D9BD71BF3232300929985 /* Assets.xcassets */,
				0B7D9BD91BF3232300929985 /* LaunchScreen.storyboard */,
				0B7D9BDC1BF3232300929985 /* Info.plist */,
			);
			path = Notifications;
			sourceTree = "<group>";
		};
		0B7D9BE41BF3232300929985 /* NotificationsTests */ = {
			isa = PBXGroup;
			children = (
				0B7D9BE51BF3232300929985 /* NotificationsTests.swift */,
				0B7D9BE71BF3232300929985 /* Info.plist */,
			);
			path = NotificationsTests;
			sourceTree = "<group>";
		};
		0B7D9BEF1BF3232300929985 /* NotificationsUITests */ = {
			isa = PBXGroup;
			children = (
				0B7D9BF01BF3232300929985 /* NotificationsUITests.swift */,
				0B7D9BF21BF3232400929985 /* Info.plist */,
			);
			path = NotificationsUITests;
			sourceTree = "<group>";
		};
/* End PBXGroup section */

/* Begin PBXNativeTarget section */
		0B7D9BCC1BF3232300929985 /* Notifications */ = {
			isa = PBXNativeTarget;
			buildConfigurationList = 0B7D9BF51BF3232400929985 /* Build configuration list for PBXNativeTarget "Notifications" */;
			buildPhases = (
				0B7D9BC91BF3232300929985 /* Sources */,
				0B7D9BCA1BF3232300929985 /* Frameworks */,
				0B7D9BCB1BF3232300929985 /* Resources */,
			);
			buildRules = (
			);
			dependencies = (
			);
			name = Notifications;
			productName = Notifications;
			productReference = 0B7D9BCD1BF3232300929985 /* Notifications.app */;
			productType = "com.apple.product-type.application";
		};
		0B7D9BE01BF3232300929985 /* NotificationsTests */ = {
			isa = PBXNativeTarget;
			buildConfigurationList = 0B7D9BF81BF3232400929985 /* Build configuration list for PBXNativeTarget "NotificationsTests" */;
			buildPhases = (
				0B7D9BDD1BF3232300929985 /* Sources */,
				0B7D9BDE1BF3232300929985 /* Frameworks */,
				0B7D9BDF1BF3232300929985 /* Resources */,
			);
			buildRules = (
			);
			dependencies = (
				0B7D9BE31BF3232300929985 /* PBXTargetDependency */,
			);
			name = NotificationsTests;
			productName = NotificationsTests;
			productReference = 0B7D9BE11BF3232300929985 /* NotificationsTests.xctest */;
			productType = "com.apple.product-type.bundle.unit-test";
		};
		0B7D9BEB1BF3232300929985 /* NotificationsUITests */ = {
			isa = PBXNativeTarget;
			buildConfigurationList = 0B7D9BFB1BF3232400929985 /* Build configuration list for PBXNativeTarget "NotificationsUITests" */;
			buildPhases = (
				0B7D9BE81BF3232300929985 /* Sources */,
				0B7D9BE91BF3232300929985 /* Frameworks */,
				0B7D9BEA1BF3232300929985 /* Resources */,
			);
			buildRules = (
			);
			dependencies = (
				0B7D9BEE1BF3232300929985 /* PBXTargetDependency */,
			);
			name = NotificationsUITests;
			productName = NotificationsUITests;
			productReference = 0B7D9BEC1BF3232300929985 /* NotificationsUITests.xctest */;
			productType = "com.apple.product-type.bundle.ui-testing";
		};
/* End PBXNativeTarget section */

/* Begin PBXProject section */
		0B7D9BC51BF3232300929985 /* Project object */ = {
			isa = PBXProject;
			attributes = {
				LastSwiftUpdateCheck = 0710;
				LastUpgradeCheck = 0710;
				ORGANIZATIONNAME = "José Angel Torres López";
				TargetAttributes = {
					0B7D9BCC1BF3232300929985 = {
						CreatedOnToolsVersion = 7.1;
					};
					0B7D9BE01BF3232300929985 = {
						CreatedOnToolsVersion = 7.1;
						TestTargetID = 0B7D9BCC1BF3232300929985;
					};
					0B7D9BEB1BF3232300929985 = {
						CreatedOnToolsVersion = 7.1;
						TestTargetID = 0B7D9BCC1BF3232300929985;
					};
				};
			};
			buildConfigurationList = 0B7D9BC81BF3232300929985 /* Build configuration list for PBXProject "Notifications" */;
			compatibilityVersion = "Xcode 3.2";
			developmentRegion = English;
			hasScannedForEncodings = 0;
			knownRegions = (
				en,
				Base,
			);
			mainGroup = 0B7D9BC41BF3232300929985;
			productRefGroup = 0B7D9BCE1BF3232300929985 /* Products */;
			projectDirPath = "";
			projectRoot = "";
			targets = (
				0B7D9BCC1BF3232300929985 /* Notifications */,
				0B7D9BE01BF3232300929985 /* NotificationsTests */,
				0B7D9BEB1BF3232300929985 /* NotificationsUITests */,
			);
		};
/* End PBXProject section */

/* Begin PBXResourcesBuildPhase section */
		0B7D9BCB1BF3232300929985 /* Resources */ = {
			isa = PBXResourcesBuildPhase;
			buildActionMask = 2147483647;
			files = (
				0B7D9BDB1BF3232300929985 /* LaunchScreen.storyboard in Resources */,
				0B7D9BD81BF3232300929985 /* Assets.xcassets in Resources */,
				0B7D9BD61BF3232300929985 /* Main.storyboard in Resources */,
			);
			runOnlyForDeploymentPostprocessing = 0;
		};
		0B7D9BDF1BF3232300929985 /* Resources */ = {
			isa = PBXResourcesBuildPhase;
			buildActionMask = 2147483647;
			files = (
			);
			runOnlyForDeploymentPostprocessing = 0;
		};
		0B7D9BEA1BF3232300929985 /* Resources */ = {
			isa = PBXResourcesBuildPhase;
			buildActionMask = 2147483647;
			files = (
			);
			runOnlyForDeploymentPostprocessing = 0;
		};
/* End PBXResourcesBuildPhase section */

/* Begin PBXSourcesBuildPhase section */
		0B7D9BC91BF3232300929985 /* Sources */ = {
			isa = PBXSourcesBuildPhase;
			buildActionMask = 2147483647;
			files = (
				0B7D9BD31BF3232300929985 /* ViewController.swift in Sources */,
				0B7D9BD11BF3232300929985 /* AppDelegate.swift in Sources */,
			);
			runOnlyForDeploymentPostprocessing = 0;
		};
		0B7D9BDD1BF3232300929985 /* Sources */ = {
			isa = PBXSourcesBuildPhase;
			buildActionMask = 2147483647;
			files = (
				0B7D9BE61BF3232300929985 /* NotificationsTests.swift in Sources */,
			);
			runOnlyForDeploymentPostprocessing = 0;
		};
		0B7D9BE81BF3232300929985 /* Sources */ = {
			isa = PBXSourcesBuildPhase;
			buildActionMask = 2147483647;
			files = (
				0B7D9BF11BF3232300929985 /* NotificationsUITests.swift in Sources */,
			);
			runOnlyForDeploymentPostprocessing = 0;
		};
/* End PBXSourcesBuildPhase section */

/* Begin PBXTargetDependency section */
		0B7D9BE31BF3232300929985 /* PBXTargetDependency */ = {
			isa = PBXTargetDependency;
			target = 0B7D9BCC1BF3232300929985 /* Notifications */;
			targetProxy = 0B7D9BE21BF3232300929985 /* PBXContainerItemProxy */;
		};
		0B7D9BEE1BF3232300929985 /* PBXTargetDependency */ = {
			isa = PBXTargetDependency;
			target = 0B7D9BCC1BF3232300929985 /* Notifications */;
			targetProxy = 0B7D9BED1BF3232300929985 /* PBXContainerItemProxy */;
		};
/* End PBXTargetDependency section */

/* Begin PBXVariantGroup section */
		0B7D9BD41BF3232300929985 /* Main.storyboard */ = {
			isa = PBXVariantGroup;
			children = (
				0B7D9BD51BF3232300929985 /* Base */,
			);
			name = Main.storyboard;
			sourceTree = "<group>";
		};
		0B7D9BD91BF3232300929985 /* LaunchScreen.storyboard */ = {
			isa = PBXVariantGroup;
			children = (
				0B7D9BDA1BF3232300929985 /* Base */,
			);
			name = LaunchScreen.storyboard;
			sourceTree = "<group>";
		};
/* End PBXVariantGroup section */

/* Begin XCBuildConfiguration section */
		0B7D9BF31BF3232400929985 /* Debug */ = {
			isa = XCBuildConfiguration;
			buildSettings = {
				ALWAYS_SEARCH_USER_PATHS = NO;
				CLANG_CXX_LANGUAGE_STANDARD = "gnu++0x";
				CLANG_CXX_LIBRARY = "libc++";
				CLANG_ENABLE_MODULES = YES;
				CLANG_ENABLE_OBJC_ARC = YES;
				CLANG_WARN_BOOL_CONVERSION = YES;
				CLANG_WARN_CONSTANT_CONVERSION = YES;
				CLANG_WARN_DIRECT_OBJC_ISA_USAGE = YES_ERROR;
				CLANG_WARN_EMPTY_BODY = YES;
				CLANG_WARN_ENUM_CONVERSION = YES;
				CLANG_WARN_INT_CONVERSION = YES;
				CLANG_WARN_OBJC_ROOT_CLASS = YES_ERROR;
				CLANG_WARN_UNREACHABLE_CODE = YES;
				CLANG_WARN__DUPLICATE_METHOD_MATCH = YES;
				"CODE_SIGN_IDENTITY[sdk=iphoneos*]" = "iPhone Developer";
				COPY_PHASE_STRIP = NO;
				DEBUG_INFORMATION_FORMAT = dwarf;
				ENABLE_STRICT_OBJC_MSGSEND = YES;
				ENABLE_TESTABILITY = YES;
				GCC_C_LANGUAGE_STANDARD = gnu99;
				GCC_DYNAMIC_NO_PIC = NO;
				GCC_NO_COMMON_BLOCKS = YES;
				GCC_OPTIMIZATION_LEVEL = 0;
				GCC_PREPROCESSOR_DEFINITIONS = (
					"DEBUG=1",
					"$(inherited)",
				);
				GCC_WARN_64_TO_32_BIT_CONVERSION = YES;
				GCC_WARN_ABOUT_RETURN_TYPE = YES_ERROR;
				GCC_WARN_UNDECLARED_SELECTOR = YES;
				GCC_WARN_UNINITIALIZED_AUTOS = YES_AGGRESSIVE;
				GCC_WARN_UNUSED_FUNCTION = YES;
				GCC_WARN_UNUSED_VARIABLE = YES;
				IPHONEOS_DEPLOYMENT_TARGET = 9.1;
				MTL_ENABLE_DEBUG_INFO = YES;
				ONLY_ACTIVE_ARCH = YES;
				SDKROOT = iphoneos;
				SWIFT_OPTIMIZATION_LEVEL = "-Onone";
			};
			name = Debug;
		};
		0B7D9BF41BF3232400929985 /* Release */ = {
			isa = XCBuildConfiguration;
			buildSettings = {
				ALWAYS_SEARCH_USER_PATHS = NO;
				CLANG_CXX_LANGUAGE_STANDARD = "gnu++0x";
				CLANG_CXX_LIBRARY = "libc++";
				CLANG_ENABLE_MODULES = YES;
				CLANG_ENABLE_OBJC_ARC = YES;
				CLANG_WARN_BOOL_CONVERSION = YES;
				CLANG_WARN_CONSTANT_CONVERSION = YES;
				CLANG_WARN_DIRECT_OBJC_ISA_USAGE = YES_ERROR;
				CLANG_WARN_EMPTY_BODY = YES;
				CLANG_WARN_ENUM_CONVERSION = YES;
				CLANG_WARN_INT_CONVERSION = YES;
				CLANG_WARN_OBJC_ROOT_CLASS = YES_ERROR;
				CLANG_WARN_UNREACHABLE_CODE = YES;
				CLANG_WARN__DUPLICATE_METHOD_MATCH = YES;
				"CODE_SIGN_IDENTITY[sdk=iphoneos*]" = "iPhone Developer";
				COPY_PHASE_STRIP = NO;
				DEBUG_INFORMATION_FORMAT = "dwarf-with-dsym";
				ENABLE_NS_ASSERTIONS = NO;
				ENABLE_STRICT_OBJC_MSGSEND = YES;
				GCC_C_LANGUAGE_STANDARD = gnu99;
				GCC_NO_COMMON_BLOCKS = YES;
				GCC_WARN_64_TO_32_BIT_CONVERSION = YES;
				GCC_WARN_ABOUT_RETURN_TYPE = YES_ERROR;
				GCC_WARN_UNDECLARED_SELECTOR = YES;
				GCC_WARN_UNINITIALIZED_AUTOS = YES_AGGRESSIVE;
				GCC_WARN_UNUSED_FUNCTION = YES;
				GCC_WARN_UNUSED_VARIABLE = YES;
				IPHONEOS_DEPLOYMENT_TARGET = 9.1;
				MTL_ENABLE_DEBUG_INFO = NO;
				SDKROOT = iphoneos;
				VALIDATE_PRODUCT = YES;
			};
			name = Release;
		};
		0B7D9BF61BF3232400929985 /* Debug */ = {
			isa = XCBuildConfiguration;
			buildSettings = {
				ASSETCATALOG_COMPILER_APPICON_NAME = AppIcon;
				INFOPLIST_FILE = Notifications/Info.plist;
				LD_RUNPATH_SEARCH_PATHS = "$(inherited) @executable_path/Frameworks";
				PRODUCT_BUNDLE_IDENTIFIER = com.thekami.Notifications;
				PRODUCT_NAME = "$(TARGET_NAME)";
			};
			name = Debug;
		};
		0B7D9BF71BF3232400929985 /* Release */ = {
			isa = XCBuildConfiguration;
			buildSettings = {
				ASSETCATALOG_COMPILER_APPICON_NAME = AppIcon;
				INFOPLIST_FILE = Notifications/Info.plist;
				LD_RUNPATH_SEARCH_PATHS = "$(inherited) @executable_path/Frameworks";
				PRODUCT_BUNDLE_IDENTIFIER = com.thekami.Notifications;
				PRODUCT_NAME = "$(TARGET_NAME)";
			};
			name = Release;
		};
		0B7D9BF91BF3232400929985 /* Debug */ = {
			isa = XCBuildConfiguration;
			buildSettings = {
				BUNDLE_LOADER = "$(TEST_HOST)";
				INFOPLIST_FILE = NotificationsTests/Info.plist;
				LD_RUNPATH_SEARCH_PATHS = "$(inherited) @executable_path/Frameworks @loader_path/Frameworks";
				PRODUCT_BUNDLE_IDENTIFIER = com.thekami.NotificationsTests;
				PRODUCT_NAME = "$(TARGET_NAME)";
				TEST_HOST = "$(BUILT_PRODUCTS_DIR)/Notifications.app/Notifications";
			};
			name = Debug;
		};
		0B7D9BFA1BF3232400929985 /* Release */ = {
			isa = XCBuildConfiguration;
			buildSettings = {
				BUNDLE_LOADER = "$(TEST_HOST)";
				INFOPLIST_FILE = NotificationsTests/Info.plist;
				LD_RUNPATH_SEARCH_PATHS = "$(inherited) @executable_path/Frameworks @loader_path/Frameworks";
				PRODUCT_BUNDLE_IDENTIFIER = com.thekami.NotificationsTests;
				PRODUCT_NAME = "$(TARGET_NAME)";
				TEST_HOST = "$(BUILT_PRODUCTS_DIR)/Notifications.app/Notifications";
			};
			name = Release;
		};
		0B7D9BFC1BF3232400929985 /* Debug */ = {
			isa = XCBuildConfiguration;
			buildSettings = {
				INFOPLIST_FILE = NotificationsUITests/Info.plist;
				LD_RUNPATH_SEARCH_PATHS = "$(inherited) @executable_path/Frameworks @loader_path/Frameworks";
				PRODUCT_BUNDLE_IDENTIFIER = com.thekami.NotificationsUITests;
				PRODUCT_NAME = "$(TARGET_NAME)";
				TEST_TARGET_NAME = Notifications;
				USES_XCTRUNNER = YES;
			};
			name = Debug;
		};
		0B7D9BFD1BF3232400929985 /* Release */ = {
			isa = XCBuildConfiguration;
			buildSettings = {
				INFOPLIST_FILE = NotificationsUITests/Info.plist;
				LD_RUNPATH_SEARCH_PATHS = "$(inherited) @executable_path/Frameworks @loader_path/Frameworks";
				PRODUCT_BUNDLE_IDENTIFIER = com.thekami.NotificationsUITests;
				PRODUCT_NAME = "$(TARGET_NAME)";
				TEST_TARGET_NAME = Notifications;
				USES_XCTRUNNER = YES;
			};
			name = Release;
		};
/* End XCBuildConfiguration section */

/* Begin XCConfigurationList section */
		0B7D9BC81BF3232300929985 /* Build configuration list for PBXProject "Notifications" */ = {
			isa = XCConfigurationList;
			buildConfigurations = (
				0B7D9BF31BF3232400929985 /* Debug */,
				0B7D9BF41BF3232400929985 /* Release */,
			);
			defaultConfigurationIsVisible = 0;
			defaultConfigurationName = Release;
		};
		0B7D9BF51BF3232400929985 /* Build configuration list for PBXNativeTarget "Notifications" */ = {
			isa = XCConfigurationList;
			buildConfigurations = (
				0B7D9BF61BF3232400929985 /* Debug */,
				0B7D9BF71BF3232400929985 /* Release */,
			);
			defaultConfigurationIsVisible = 0;
		};
		0B7D9BF81BF3232400929985 /* Build configuration list for PBXNativeTarget "NotificationsTests" */ = {
			isa = XCConfigurationList;
			buildConfigurations = (
				0B7D9BF91BF3232400929985 /* Debug */,
				0B7D9BFA1BF3232400929985 /* Release */,
			);
			defaultConfigurationIsVisible = 0;
		};
		0B7D9BFB1BF3232400929985 /* Build configuration list for PBXNativeTarget "NotificationsUITests" */ = {
			isa = XCConfigurationList;
			buildConfigurations = (
				0B7D9BFC1BF3232400929985 /* Debug */,
				0B7D9BFD1BF3232400929985 /* Release */,
			);
			defaultConfigurationIsVisible = 0;
		};
/* End XCConfigurationList section */
	};
	rootObject = 0B7D9BC51BF3232300929985 /* Project object */;
}
